
Microsoft Visual Studio Solution File, Format Version 12.00
# Visual Studio 15
VisualStudioVersion = 15.0.26124.0
MinimumVisualStudioVersion = 15.0.26124.0
Project("{2150E333-8FDC-42A3-9474-1A3956D46DE8}") = "src", "src", "{428C4FCC-313C-472C-9C38-FD3DA8F2A33E}"
EndProject
Project("{F2A71F9B-5D33-465A-A702-920D77279786}") = "Tests", "src\Tests\Tests.fsproj", "{D77A9C70-76AA-42B2-97E4-8D1CA8364F83}"
EndProject
Project("{F2A71F9B-5D33-465A-A702-920D77279786}") = "Algorithms", "src\Algorithms.fsproj", "{24859179-B077-452C-8E17-692FEC627057}"
EndProject
Global
	GlobalSection(SolutionConfigurationPlatforms) = preSolution
		Debug|Any CPU = Debug|Any CPU
		Debug|x64 = Debug|x64
		Debug|x86 = Debug|x86
		Release|Any CPU = Release|Any CPU
		Release|x64 = Release|x64
		Release|x86 = Release|x86
	EndGlobalSection
	GlobalSection(SolutionProperties) = preSolution
		HideSolutionNode = FALSE
	EndGlobalSection
	GlobalSection(ProjectConfigurationPlatforms) = postSolution
		{D77A9C70-76AA-42B2-97E4-8D1CA8364F83}.Debug|Any CPU.ActiveCfg = Debug|Any CPU
		{D77A9C70-76AA-42B2-97E4-8D1CA8364F83}.Debug|Any CPU.Build.0 = Debug|Any CPU
		{D77A9C70-76AA-42B2-97E4-8D1CA8364F83}.Debug|x64.ActiveCfg = Debug|Any CPU
		{D77A9C70-76AA-42B2-97E4-8D1CA8364F83}.Debug|x64.Build.0 = Debug|Any CPU
		{D77A9C70-76AA-42B2-97E4-8D1CA8364F83}.Debug|x86.ActiveCfg = Debug|Any CPU
		{D77A9C70-76AA-42B2-97E4-8D1CA8364F83}.Debug|x86.Build.0 = Debug|Any CPU
		{D77A9C70-76AA-42B2-97E4-8D1CA8364F83}.Release|Any CPU.ActiveCfg = Release|Any CPU
		{D77A9C70-76AA-42B2-97E4-8D1CA8364F83}.Release|Any CPU.Build.0 = Release|Any CPU
		{D77A9C70-76AA-42B2-97E4-8D1CA8364F83}.Release|x64.ActiveCfg = Release|Any CPU
		{D77A9C70-76AA-42B2-97E4-8D1CA8364F83}.Release|x64.Build.0 = Release|Any CPU
		{D77A9C70-76AA-42B2-97E4-8D1CA8364F83}.Release|x86.ActiveCfg = Release|Any CPU
		{D77A9C70-76AA-42B2-97E4-8D1CA8364F83}.Release|x86.Build.0 = Release|Any CPU
		{24859179-B077-452C-8E17-692FEC627057}.Debug|Any CPU.ActiveCfg = Debug|Any CPU
		{24859179-B077-452C-8E17-692FEC627057}.Debug|Any CPU.Build.0 = Debug|Any CPU
		{24859179-B077-452C-8E17-692FEC627057}.Debug|x64.ActiveCfg = Debug|Any CPU
		{24859179-B077-452C-8E17-692FEC627057}.Debug|x64.Build.0 = Debug|Any CPU
		{24859179-B077-452C-8E17-692FEC627057}.Debug|x86.ActiveCfg = Debug|Any CPU
		{24859179-B077-452C-8E17-692FEC627057}.Debug|x86.Build.0 = Debug|Any CPU
		{24859179-B077-452C-8E17-692FEC627057}.Release|Any CPU.ActiveCfg = Release|Any CPU
		{24859179-B077-452C-8E17-692FEC627057}.Release|Any CPU.Build.0 = Release|Any CPU
		{24859179-B077-452C-8E17-692FEC627057}.Release|x64.ActiveCfg = Release|Any CPU
		{24859179-B077-452C-8E17-692FEC627057}.Release|x64.Build.0 = Release|Any CPU
		{24859179-B077-452C-8E17-692FEC627057}.Release|x86.ActiveCfg = Release|Any CPU
		{24859179-B077-452C-8E17-692FEC627057}.Release|x86.Build.0 = Release|Any CPU
	EndGlobalSection
	GlobalSection(NestedProjects) = preSolution
		{D77A9C70-76AA-42B2-97E4-8D1CA8364F83} = {428C4FCC-313C-472C-9C38-FD3DA8F2A33E}
	EndGlobalSection
EndGlobal
